
Microsoft Visual Studio Solution File, Format Version 12.00
# Visual Studio Version 17
VisualStudioVersion = 17.2.32616.157
MinimumVisualStudioVersion = 10.0.40219.1
Project("{FAE04EC0-301F-11D3-BF4B-00C04F79EFBC}") = "ProductMachine_WindowsForm", "ProductMachine_WindowsForm\ProductMachine_WindowsForm.csproj", "{72DC9A3E-E0CA-41DD-97B0-3BE6A432199B}"
EndProject
Global
	GlobalSection(SolutionConfigurationPlatforms) = preSolution
		Debug|Any CPU = Debug|Any CPU
		Release|Any CPU = Release|Any CPU
	EndGlobalSection
	GlobalSection(ProjectConfigurationPlatforms) = postSolution
		{72DC9A3E-E0CA-41DD-97B0-3BE6A432199B}.Debug|Any CPU.ActiveCfg = Debug|Any CPU
		{72DC9A3E-E0CA-41DD-97B0-3BE6A432199B}.Debug|Any CPU.Build.0 = Debug|Any CPU
		{72DC9A3E-E0CA-41DD-97B0-3BE6A432199B}.Release|Any CPU.ActiveCfg = Release|Any CPU
		{72DC9A3E-E0CA-41DD-97B0-3BE6A432199B}.Release|Any CPU.Build.0 = Release|Any CPU
	EndGlobalSection
	GlobalSection(SolutionProperties) = preSolution
		HideSolutionNode = FALSE
	EndGlobalSection
	GlobalSection(ExtensibilityGlobals) = postSolution
		SolutionGuid = {B0ADC1DA-0E78-485A-B4E9-0A8C6B38B48D}
	EndGlobalSection
EndGlobal
